Microsoft Visual Studio Solution File, Format Version 12.00
# Visual Studio Version 17
VisualStudioVersion = 17.5.2.0
MinimumVisualStudioVersion = 10.0.40219.1
Project("{FAE04EC0-301F-11D3-BF4B-00C04F79EFBC}") = "Tetris", "Tetris.csproj", "{3E468DE6-3643-6416-5975-ACCC6DB7C60F}"
EndProject
Project("{2150E333-8FDC-42A3-9474-1A3956D46DE8}") = "Assets", "Assets", "{8EC462FD-D22E-90A8-E5CE-7E832BA40C5D}"
EndProject
Project("{2150E333-8FDC-42A3-9474-1A3956D46DE8}") = "Audio", "Audio", "{02EA681E-C7D8-13C7-8484-4AC65E1B71E8}"
	ProjectSection(SolutionItems) = preProject
		obj\Audio\3-32 Museum - Welcome to the Museum!.mp3 = obj\Audio\3-32 Museum - Welcome to the Museum!.mp3
		..\..\..\Downloads\7pm.mp3 = ..\..\..\Downloads\7pm.mp3
		..\..\..\Downloads\9pm.mp3 = ..\..\..\Downloads\9pm.mp3
	EndProjectSection
EndProject
Global
	GlobalSection(SolutionConfigurationPlatforms) = preSolution
		Debug|Any CPU = Debug|Any CPU
		Release|Any CPU = Release|Any CPU
	EndGlobalSection
	GlobalSection(ProjectConfigurationPlatforms) = postSolution
		{3E468DE6-3643-6416-5975-ACCC6DB7C60F}.Debug|Any CPU.ActiveCfg = Debug|Any CPU
		{3E468DE6-3643-6416-5975-ACCC6DB7C60F}.Debug|Any CPU.Build.0 = Debug|Any CPU
		{3E468DE6-3643-6416-5975-ACCC6DB7C60F}.Release|Any CPU.ActiveCfg = Release|Any CPU
		{3E468DE6-3643-6416-5975-ACCC6DB7C60F}.Release|Any CPU.Build.0 = Release|Any CPU
	EndGlobalSection
	GlobalSection(SolutionProperties) = preSolution
		HideSolutionNode = FALSE
	EndGlobalSection
	GlobalSection(NestedProjects) = preSolution
		{02EA681E-C7D8-13C7-8484-4AC65E1B71E8} = {8EC462FD-D22E-90A8-E5CE-7E832BA40C5D}
	EndGlobalSection
	GlobalSection(ExtensibilityGlobals) = postSolution
		SolutionGuid = {F5E809C1-2E7C-4744-8F31-0B1D243C0879}
	EndGlobalSection
EndGlobal
